
Microsoft Visual Studio Solution File, Format Version 12.00
# Visual Studio Version 16
VisualStudioVersion = 16.0.29411.108
MinimumVisualStudioVersion = 10.0.40219.1
Project("{FAE04EC0-301F-11D3-BF4B-00C04F79EFBC}") = "FinalProject.Android", "FinalProject\FinalProject.Android\FinalProject.Android.csproj", "{C8D836B0-50AA-4517-9F1E-0AF035A1450A}"
EndProject
Project("{FAE04EC0-301F-11D3-BF4B-00C04F79EFBC}") = "FinalProject.iOS", "FinalProject\FinalProject.iOS\FinalProject.iOS.csproj", "{4DD1A64A-FE68-466A-8371-85E123174D73}"
EndProject
Project("{9A19103F-16F7-4668-BE54-9A1E7A4F7556}") = "FinalProject", "FinalProject\FinalProject\FinalProject.csproj", "{58DB8AF7-E8CF-4D60-951A-293CA2D15A8B}"
EndProject
Global
	GlobalSection(SolutionConfigurationPlatforms) = preSolution
		Debug|Any CPU = Debug|Any CPU
		Debug|iPhone = Debug|iPhone
		Debug|iPhoneSimulator = Debug|iPhoneSimulator
		Release|Any CPU = Release|Any CPU
		Release|iPhone = Release|iPhone
		Release|iPhoneSimulator = Release|iPhoneSimulator
	EndGlobalSection
	GlobalSection(ProjectConfigurationPlatforms) = postSolution
		{C8D836B0-50AA-4517-9F1E-0AF035A1450A}.Debug|Any CPU.ActiveCfg = Debug|Any CPU
		{C8D836B0-50AA-4517-9F1E-0AF035A1450A}.Debug|Any CPU.Build.0 = Debug|Any CPU
		{C8D836B0-50AA-4517-9F1E-0AF035A1450A}.Debug|Any CPU.Deploy.0 = Debug|Any CPU
		{C8D836B0-50AA-4517-9F1E-0AF035A1450A}.Debug|iPhone.ActiveCfg = Debug|Any CPU
		{C8D836B0-50AA-4517-9F1E-0AF035A1450A}.Debug|iPhone.Build.0 = Debug|Any CPU
		{C8D836B0-50AA-4517-9F1E-0AF035A1450A}.Debug|iPhone.Deploy.0 = Debug|Any CPU
		{C8D836B0-50AA-4517-9F1E-0AF035A1450A}.Debug|iPhoneSimulator.ActiveCfg = Debug|Any CPU
		{C8D836B0-50AA-4517-9F1E-0AF035A1450A}.Debug|iPhoneSimulator.Build.0 = Debug|Any CPU
		{C8D836B0-50AA-4517-9F1E-0AF035A1450A}.Debug|iPhoneSimulator.Deploy.0 = Debug|Any CPU
		{C8D836B0-50AA-4517-9F1E-0AF035A1450A}.Release|Any CPU.ActiveCfg = Release|Any CPU
		{C8D836B0-50AA-4517-9F1E-0AF035A1450A}.Release|Any CPU.Build.0 = Release|Any CPU
		{C8D836B0-50AA-4517-9F1E-0AF035A1450A}.Release|Any CPU.Deploy.0 = Release|Any CPU
		{C8D836B0-50AA-4517-9F1E-0AF035A1450A}.Release|iPhone.ActiveCfg = Release|Any CPU
		{C8D836B0-50AA-4517-9F1E-0AF035A1450A}.Release|iPhone.Build.0 = Release|Any CPU
		{C8D836B0-50AA-4517-9F1E-0AF035A1450A}.Release|iPhone.Deploy.0 = Release|Any CPU
		{C8D836B0-50AA-4517-9F1E-0AF035A1450A}.Release|iPhoneSimulator.ActiveCfg = Release|Any CPU
		{C8D836B0-50AA-4517-9F1E-0AF035A1450A}.Release|iPhoneSimulator.Build.0 = Release|Any CPU
		{C8D836B0-50AA-4517-9F1E-0AF035A1450A}.Release|iPhoneSimulator.Deploy.0 = Release|Any CPU
		{4DD1A64A-FE68-466A-8371-85E123174D73}.Debug|Any CPU.ActiveCfg = Debug|iPhoneSimulator
		{4DD1A64A-FE68-466A-8371-85E123174D73}.Debug|Any CPU.Build.0 = Debug|iPhoneSimulator
		{4DD1A64A-FE68-466A-8371-85E123174D73}.Debug|Any CPU.Deploy.0 = Debug|iPhoneSimulator
		{4DD1A64A-FE68-466A-8371-85E123174D73}.Debug|iPhone.ActiveCfg = Debug|iPhone
		{4DD1A64A-FE68-466A-8371-85E123174D73}.Debug|iPhone.Build.0 = Debug|iPhone
		{4DD1A64A-FE68-466A-8371-85E123174D73}.Debug|iPhone.Deploy.0 = Debug|iPhone
		{4DD1A64A-FE68-466A-8371-85E123174D73}.Debug|iPhoneSimulator.ActiveCfg = Debug|iPhoneSimulator
		{4DD1A64A-FE68-466A-8371-85E123174D73}.Debug|iPhoneSimulator.Build.0 = Debug|iPhoneSimulator
		{4DD1A64A-FE68-466A-8371-85E123174D73}.Debug|iPhoneSimulator.Deploy.0 = Debug|iPhoneSimulator
		{4DD1A64A-FE68-466A-8371-85E123174D73}.Release|Any CPU.ActiveCfg = Release|iPhone
		{4DD1A64A-FE68-466A-8371-85E123174D73}.Release|Any CPU.Build.0 = Release|iPhone
		{4DD1A64A-FE68-466A-8371-85E123174D73}.Release|Any CPU.Deploy.0 = Release|iPhone
		{4DD1A64A-FE68-466A-8371-85E123174D73}.Release|iPhone.ActiveCfg = Release|iPhone
		{4DD1A64A-FE68-466A-8371-85E123174D73}.Release|iPhone.Build.0 = Release|iPhone
		{4DD1A64A-FE68-466A-8371-85E123174D73}.Release|iPhone.Deploy.0 = Release|iPhone
		{4DD1A64A-FE68-466A-8371-85E123174D73}.Release|iPhoneSimulator.ActiveCfg = Release|iPhoneSimulator
		{4DD1A64A-FE68-466A-8371-85E123174D73}.Release|iPhoneSimulator.Build.0 = Release|iPhoneSimulator
		{4DD1A64A-FE68-466A-8371-85E123174D73}.Release|iPhoneSimulator.Deploy.0 = Release|iPhoneSimulator
		{58DB8AF7-E8CF-4D60-951A-293CA2D15A8B}.Debug|Any CPU.ActiveCfg = Debug|Any CPU
		{58DB8AF7-E8CF-4D60-951A-293CA2D15A8B}.Debug|Any CPU.Build.0 = Debug|Any CPU
		{58DB8AF7-E8CF-4D60-951A-293CA2D15A8B}.Debug|Any CPU.Deploy.0 = Debug|Any CPU
		{58DB8AF7-E8CF-4D60-951A-293CA2D15A8B}.Debug|iPhone.ActiveCfg = Debug|Any CPU
		{58DB8AF7-E8CF-4D60-951A-293CA2D15A8B}.Debug|iPhone.Build.0 = Debug|Any CPU
		{58DB8AF7-E8CF-4D60-951A-293CA2D15A8B}.Debug|iPhone.Deploy.0 = Debug|Any CPU
		{58DB8AF7-E8CF-4D60-951A-293CA2D15A8B}.Debug|iPhoneSimulator.ActiveCfg = Debug|Any CPU
		{58DB8AF7-E8CF-4D60-951A-293CA2D15A8B}.Debug|iPhoneSimulator.Build.0 = Debug|Any CPU
		{58DB8AF7-E8CF-4D60-951A-293CA2D15A8B}.Debug|iPhoneSimulator.Deploy.0 = Debug|Any CPU
		{58DB8AF7-E8CF-4D60-951A-293CA2D15A8B}.Release|Any CPU.ActiveCfg = Release|Any CPU
		{58DB8AF7-E8CF-4D60-951A-293CA2D15A8B}.Release|Any CPU.Build.0 = Release|Any CPU
		{58DB8AF7-E8CF-4D60-951A-293CA2D15A8B}.Release|Any CPU.Deploy.0 = Release|Any CPU
		{58DB8AF7-E8CF-4D60-951A-293CA2D15A8B}.Release|iPhone.ActiveCfg = Release|Any CPU
		{58DB8AF7-E8CF-4D60-951A-293CA2D15A8B}.Release|iPhone.Build.0 = Release|Any CPU
		{58DB8AF7-E8CF-4D60-951A-293CA2D15A8B}.Release|iPhone.Deploy.0 = Release|Any CPU
		{58DB8AF7-E8CF-4D60-951A-293CA2D15A8B}.Release|iPhoneSimulator.ActiveCfg = Release|Any CPU
		{58DB8AF7-E8CF-4D60-951A-293CA2D15A8B}.Release|iPhoneSimulator.Build.0 = Release|Any CPU
		{58DB8AF7-E8CF-4D60-951A-293CA2D15A8B}.Release|iPhoneSimulator.Deploy.0 = Release|Any CPU
	EndGlobalSection
	GlobalSection(SolutionProperties) = preSolution
		HideSolutionNode = FALSE
	EndGlobalSection
	GlobalSection(ExtensibilityGlobals) = postSolution
		SolutionGuid = {7174C50E-E6B5-40A0-B2DF-827036D5326E}
	EndGlobalSection
EndGlobal
